// !$*UTF8*$!
{
	archiveVersion = 1;
	classes = {
	};
	objectVersion = 51;
	objects = {

/* Begin PBXBuildFile section */
		593D6035253C7735005D32BA /* AppDelegate.swift in Sources */ = {isa = PBXBuildFile; fileRef = 593D6034253C7735005D32BA /* AppDelegate.swift */; };
		593D6037253C7735005D32BA /* SceneDelegate.swift in Sources */ = {isa = PBXBuildFile; fileRef = 593D6036253C7735005D32BA /* SceneDelegate.swift */; };
		593D6039253C7735005D32BA /* ViewController.swift in Sources */ = {isa = PBXBuildFile; fileRef = 593D6038253C7735005D32BA /* ViewController.swift */; };
		593D603C253C7735005D32BA /* Main.storyboard in Resources */ = {isa = PBXBuildFile; fileRef = 593D603A253C7735005D32BA /* Main.storyboard */; };
		593D603E253C7736005D32BA /* Assets.xcassets in Resources */ = {isa = PBXBuildFile; fileRef = 593D603D253C7736005D32BA /* Assets.xcassets */; };
		593D6041253C7736005D32BA /* LaunchScreen.storyboard in Resources */ = {isa = PBXBuildFile; fileRef = 593D603F253C7736005D32BA /* LaunchScreen.storyboard */; };
		593D604B253C8A6D005D32BA /* student_info.json in Resources */ = {isa = PBXBuildFile; fileRef = 593D604A253C8A6D005D32BA /* student_info.json */; };
		593D604D253C8D06005D32BA /* Student.swift in Sources */ = {isa = PBXBuildFile; fileRef = 593D604C253C8D06005D32BA /* Student.swift */; };
		593D604F253C8DAB005D32BA /* StudentService.swift in Sources */ = {isa = PBXBuildFile; fileRef = 593D604E253C8DAB005D32BA /* StudentService.swift */; };
		593D6051253CA48D005D32BA /* StudentsListViewModel.swift in Sources */ = {isa = PBXBuildFile; fileRef = 593D6050253CA48D005D32BA /* StudentsListViewModel.swift */; };
		593D6053253CA5EC005D32BA /* StudentViewModel.swift in Sources */ = {isa = PBXBuildFile; fileRef = 593D6052253CA5EC005D32BA /* StudentViewModel.swift */; };
		E4FD354272680448806EAEF1 /* Pods_MVVMRxSwiftDemo.framework in Frameworks */ = {isa = PBXBuildFile; fileRef = 3AC0A93DF34183737DEB48A7 /* Pods_MVVMRxSwiftDemo.framework */; };
/* End PBXBuildFile section */

/* Begin PBXFileReference section */
		3AC0A93DF34183737DEB48A7 /* Pods_MVVMRxSwiftDemo.framework */ = {isa = PBXFileReference; explicitFileType = wrapper.framework; includeInIndex = 0; path = Pods_MVVMRxSwiftDemo.framework; sourceTree = BUILT_PRODUCTS_DIR; };
		593D6031253C7735005D32BA /* MVVMRxSwiftDemo.app */ = {isa = PBXFileReference; explicitFileType = wrapper.application; includeInIndex = 0; path = MVVMRxSwiftDemo.app; sourceTree = BUILT_PRODUCTS_DIR; };
		593D6034253C7735005D32BA /* AppDelegate.swift */ = {isa = PBXFileReference; lastKnownFileType = sourcecode.swift; path = AppDelegate.swift; sourceTree = "<group>"; };
		593D6036253C7735005D32BA /* SceneDelegate.swift */ = {isa = PBXFileReference; lastKnownFileType = sourcecode.swift; path = SceneDelegate.swift; sourceTree = "<group>"; };
		593D6038253C7735005D32BA /* ViewController.swift */ = {isa = PBXFileReference; lastKnownFileType = sourcecode.swift; path = ViewController.swift; sourceTree = "<group>"; };
		593D603B253C7735005D32BA /* Base */ = {isa = PBXFileReference; lastKnownFileType = file.storyboard; name = Base; path = Base.lproj/Main.storyboard; sourceTree = "<group>"; };
		593D603D253C7736005D32BA /* Assets.xcassets */ = {isa = PBXFileReference; lastKnownFileType = folder.assetcatalog; path = Assets.xcassets; sourceTree = "<group>"; };
		593D6040253C7736005D32BA /* Base */ = {isa = PBXFileReference; lastKnownFileType = file.storyboard; name = Base; path = Base.lproj/LaunchScreen.storyboard; sourceTree = "<group>"; };
		593D6042253C7736005D32BA /* Info.plist */ = {isa = PBXFileReference; lastKnownFileType = text.plist.xml; path = Info.plist; sourceTree = "<group>"; };
		593D604A253C8A6D005D32BA /* student_info.json */ = {isa = PBXFileReference; lastKnownFileType = text.json; path = student_info.json; sourceTree = "<group>"; };
		593D604C253C8D06005D32BA /* Student.swift */ = {isa = PBXFileReference; lastKnownFileType = sourcecode.swift; path = Student.swift; sourceTree = "<group>"; };
		593D604E253C8DAB005D32BA /* StudentService.swift */ = {isa = PBXFileReference; lastKnownFileType = sourcecode.swift; path = StudentService.swift; sourceTree = "<group>"; };
		593D6050253CA48D005D32BA /* StudentsListViewModel.swift */ = {isa = PBXFileReference; lastKnownFileType = sourcecode.swift; path = StudentsListViewModel.swift; sourceTree = "<group>"; };
		593D6052253CA5EC005D32BA /* StudentViewModel.swift */ = {isa = PBXFileReference; lastKnownFileType = sourcecode.swift; path = StudentViewModel.swift; sourceTree = "<group>"; };
		7947F6288A4F65C2E0815289 /* Pods-MVVMRxSwiftDemo.release.xcconfig */ = {isa = PBXFileReference; includeInIndex = 1; lastKnownFileType = text.xcconfig; name = "Pods-MVVMRxSwiftDemo.release.xcconfig"; path = "Target Support Files/Pods-MVVMRxSwiftDemo/Pods-MVVMRxSwiftDemo.release.xcconfig"; sourceTree = "<group>"; };
		8811FDDEC23868A19F8940D9 /* Pods-MVVMRxSwiftDemo.debug.xcconfig */ = {isa = PBXFileReference; includeInIndex = 1; lastKnownFileType = text.xcconfig; name = "Pods-MVVMRxSwiftDemo.debug.xcconfig"; path = "Target Support Files/Pods-MVVMRxSwiftDemo/Pods-MVVMRxSwiftDemo.debug.xcconfig"; sourceTree = "<group>"; };
/* End PBXFileReference section */

/* Begin PBXFrameworksBuildPhase section */
		593D602E253C7735005D32BA /* Frameworks */ = {
			isa = PBXFrameworksBuildPhase;
			buildActionMask = 2147483647;
			files = (
				E4FD354272680448806EAEF1 /* Pods_MVVMRxSwiftDemo.framework in Frameworks */,
			);
			runOnlyForDeploymentPostprocessing = 0;
		};
/* End PBXFrameworksBuildPhase section */

/* Begin PBXGroup section */
		4FAE5396A2E3BC973F7BEAA8 /* Frameworks */ = {
			isa = PBXGroup;
			children = (
				3AC0A93DF34183737DEB48A7 /* Pods_MVVMRxSwiftDemo.framework */,
			);
			name = Frameworks;
			sourceTree = "<group>";
		};
		593D6028253C7734005D32BA = {
			isa = PBXGroup;
			children = (
				593D6033253C7735005D32BA /* MVVMRxSwiftDemo */,
				593D6032253C7735005D32BA /* Products */,
				6EF23B417D911F89CC8EF532 /* Pods */,
				4FAE5396A2E3BC973F7BEAA8 /* Frameworks */,
			);
			sourceTree = "<group>";
		};
		593D6032253C7735005D32BA /* Products */ = {
			isa = PBXGroup;
			children = (
				593D6031253C7735005D32BA /* MVVMRxSwiftDemo.app */,
			);
			name = Products;
			sourceTree = "<group>";
		};
		593D6033253C7735005D32BA /* MVVMRxSwiftDemo */ = {
			isa = PBXGroup;
			children = (
				593D6034253C7735005D32BA /* AppDelegate.swift */,
				593D6036253C7735005D32BA /* SceneDelegate.swift */,
				593D6038253C7735005D32BA /* ViewController.swift */,
				593D604A253C8A6D005D32BA /* student_info.json */,
				593D604C253C8D06005D32BA /* Student.swift */,
				593D604E253C8DAB005D32BA /* StudentService.swift */,
				593D6050253CA48D005D32BA /* StudentsListViewModel.swift */,
				593D603A253C7735005D32BA /* Main.storyboard */,
				593D603D253C7736005D32BA /* Assets.xcassets */,
				593D603F253C7736005D32BA /* LaunchScreen.storyboard */,
				593D6042253C7736005D32BA /* Info.plist */,
				593D6052253CA5EC005D32BA /* StudentViewModel.swift */,
			);
			path = MVVMRxSwiftDemo;
			sourceTree = "<group>";
		};
		6EF23B417D911F89CC8EF532 /* Pods */ = {
			isa = PBXGroup;
			children = (
				8811FDDEC23868A19F8940D9 /* Pods-MVVMRxSwiftDemo.debug.xcconfig */,
				7947F6288A4F65C2E0815289 /* Pods-MVVMRxSwiftDemo.release.xcconfig */,
			);
			path = Pods;
			sourceTree = "<group>";
		};
/* End PBXGroup section */

/* Begin PBXNativeTarget section */
		593D6030253C7735005D32BA /* MVVMRxSwiftDemo */ = {
			isa = PBXNativeTarget;
			buildConfigurationList = 593D6045253C7736005D32BA /* Build configuration list for PBXNativeTarget "MVVMRxSwiftDemo" */;
			buildPhases = (
				04FFC264BFE5DC0E50689234 /* [CP] Check Pods Manifest.lock */,
				593D602D253C7735005D32BA /* Sources */,
				593D602E253C7735005D32BA /* Frameworks */,
				593D602F253C7735005D32BA /* Resources */,
				4FFAD9FC2CEE0C9035E08539 /* [CP] Embed Pods Frameworks */,
			);
			buildRules = (
			);
			dependencies = (
			);
			name = MVVMRxSwiftDemo;
			productName = MVVMRxSwiftDemo;
			productReference = 593D6031253C7735005D32BA /* MVVMRxSwiftDemo.app */;
			productType = "com.apple.product-type.application";
		};
/* End PBXNativeTarget section */

/* Begin PBXProject section */
		593D6029253C7734005D32BA /* Project object */ = {
			isa = PBXProject;
			attributes = {
				LastSwiftUpdateCheck = 1130;
				LastUpgradeCheck = 1130;
				ORGANIZATIONNAME = "subroto training";
				TargetAttributes = {
					593D6030253C7735005D32BA = {
						CreatedOnToolsVersion = 11.3;
					};
				};
			};
			buildConfigurationList = 593D602C253C7734005D32BA /* Build configuration list for PBXProject "MVVMRxSwiftDemo" */;
			compatibilityVersion = "Xcode 9.3";
			developmentRegion = en;
			hasScannedForEncodings = 0;
			knownRegions = (
				en,
				Base,
			);
			mainGroup = 593D6028253C7734005D32BA;
			productRefGroup = 593D6032253C7735005D32BA /* Products */;
			projectDirPath = "";
			projectRoot = "";
			targets = (
				593D6030253C7735005D32BA /* MVVMRxSwiftDemo */,
			);
		};
/* End PBXProject section */

/* Begin PBXResourcesBuildPhase section */
		593D602F253C7735005D32BA /* Resources */ = {
			isa = PBXResourcesBuildPhase;
			buildActionMask = 2147483647;
			files = (
				593D6041253C7736005D32BA /* LaunchScreen.storyboard in Resources */,
				593D603E253C7736005D32BA /* Assets.xcassets in Resources */,
				593D603C253C7735005D32BA /* Main.storyboard in Resources */,
				593D604B253C8A6D005D32BA /* student_info.json in Resources */,
			);
			runOnlyForDeploymentPostprocessing = 0;
		};
/* End PBXResourcesBuildPhase section */

/* Begin PBXShellScriptBuildPhase section */
		04FFC264BFE5DC0E50689234 /* [CP] Check Pods Manifest.lock */ = {
			isa = PBXShellScriptBuildPhase;
			buildActionMask = 2147483647;
			files = (
			);
			inputFileListPaths = (
			);
			inputPaths = (
				"${PODS_PODFILE_DIR_PATH}/Podfile.lock",
				"${PODS_ROOT}/Manifest.lock",
			);
			name = "[CP] Check Pods Manifest.lock";
			outputFileListPaths = (
			);
			outputPaths = (
				"$(DERIVED_FILE_DIR)/Pods-MVVMRxSwiftDemo-checkManifestLockResult.txt",
			);
			runOnlyForDeploymentPostprocessing = 0;
			shellPath = /bin/sh;
			shellScript = "diff \"${PODS_PODFILE_DIR_PATH}/Podfile.lock\" \"${PODS_ROOT}/Manifest.lock\" > /dev/null\nif [ $? != 0 ] ; then\n    # print error to STDERR\n    echo \"error: The sandbox is not in sync with the Podfile.lock. Run 'pod install' or update your CocoaPods installation.\" >&2\n    exit 1\nfi\n# This output is used by Xcode 'outputs' to avoid re-running this script phase.\necho \"SUCCESS\" > \"${SCRIPT_OUTPUT_FILE_0}\"\n";
			showEnvVarsInLog = 0;
		};
		4FFAD9FC2CEE0C9035E08539 /* [CP] Embed Pods Frameworks */ = {
			isa = PBXShellScriptBuildPhase;
			buildActionMask = 2147483647;
			files = (
			);
			inputFileListPaths = (
				"${PODS_ROOT}/Target Support Files/Pods-MVVMRxSwiftDemo/Pods-MVVMRxSwiftDemo-frameworks-${CONFIGURATION}-input-files.xcfilelist",
			);
			name = "[CP] Embed Pods Frameworks";
			outputFileListPaths = (
				"${PODS_ROOT}/Target Support Files/Pods-MVVMRxSwiftDemo/Pods-MVVMRxSwiftDemo-frameworks-${CONFIGURATION}-output-files.xcfilelist",
			);
			runOnlyForDeploymentPostprocessing = 0;
			shellPath = /bin/sh;
			shellScript = "\"${PODS_ROOT}/Target Support Files/Pods-MVVMRxSwiftDemo/Pods-MVVMRxSwiftDemo-frameworks.sh\"\n";
			showEnvVarsInLog = 0;
		};
/* End PBXShellScriptBuildPhase section */

/* Begin PBXSourcesBuildPhase section */
		593D602D253C7735005D32BA /* Sources */ = {
			isa = PBXSourcesBuildPhase;
			buildActionMask = 2147483647;
			files = (
				593D6039253C7735005D32BA /* ViewController.swift in Sources */,
				593D6035253C7735005D32BA /* AppDelegate.swift in Sources */,
				593D6051253CA48D005D32BA /* StudentsListViewModel.swift in Sources */,
				593D604D253C8D06005D32BA /* Student.swift in Sources */,
				593D6037253C7735005D32BA /* SceneDelegate.swift in Sources */,
				593D6053253CA5EC005D32BA /* StudentViewModel.swift in Sources */,
				593D604F253C8DAB005D32BA /* StudentService.swift in Sources */,
			);
			runOnlyForDeploymentPostprocessing = 0;
		};
/* End PBXSourcesBuildPhase section */

/* Begin PBXVariantGroup section */
		593D603A253C7735005D32BA /* Main.storyboard */ = {
			isa = PBXVariantGroup;
			children = (
				593D603B253C7735005D32BA /* Base */,
			);
			name = Main.storyboard;
			sourceTree = "<group>";
		};
		593D603F253C7736005D32BA /* LaunchScreen.storyboard */ = {
			isa = PBXVariantGroup;
			children = (
				593D6040253C7736005D32BA /* Base */,
			);
			name = LaunchScreen.storyboard;
			sourceTree = "<group>";
		};
/* End PBXVariantGroup section */

/* Begin XCBuildConfiguration section */
		593D6043253C7736005D32BA /* Debug */ = {
			isa = XCBuildConfiguration;
			buildSettings = {
				ALWAYS_SEARCH_USER_PATHS = NO;
				CLANG_ANALYZER_NONNULL = YES;
				CLANG_ANALYZER_NUMBER_OBJECT_CONVERSION = YES_AGGRESSIVE;
				CLANG_CXX_LANGUAGE_STANDARD = "gnu++14";
				CLANG_CXX_LIBRARY = "libc++";
				CLANG_ENABLE_MODULES = YES;
				CLANG_ENABLE_OBJC_ARC = YES;
				CLANG_ENABLE_OBJC_WEAK = YES;
				CLANG_WARN_BLOCK_CAPTURE_AUTORELEASING = YES;
				CLANG_WARN_BOOL_CONVERSION = YES;
				CLANG_WARN_COMMA = YES;
				CLANG_WARN_CONSTANT_CONVERSION = YES;
				CLANG_WARN_DEPRECATED_OBJC_IMPLEMENTATIONS = YES;
				CLANG_WARN_DIRECT_OBJC_ISA_USAGE = YES_ERROR;
				CLANG_WARN_DOCUMENTATION_COMMENTS = YES;
				CLANG_WARN_EMPTY_BODY = YES;
				CLANG_WARN_ENUM_CONVERSION = YES;
				CLANG_WARN_INFINITE_RECURSION = YES;
				CLANG_WARN_INT_CONVERSION = YES;
				CLANG_WARN_NON_LITERAL_NULL_CONVERSION = YES;
				CLANG_WARN_OBJC_IMPLICIT_RETAIN_SELF = YES;
				CLANG_WARN_OBJC_LITERAL_CONVERSION = YES;
				CLANG_WARN_OBJC_ROOT_CLASS = YES_ERROR;
				CLANG_WARN_RANGE_LOOP_ANALYSIS = YES;
				CLANG_WARN_STRICT_PROTOTYPES = YES;
				CLANG_WARN_SUSPICIOUS_MOVE = YES;
				CLANG_WARN_UNGUARDED_AVAILABILITY = YES_AGGRESSIVE;
				CLANG_WARN_UNREACHABLE_CODE = YES;
				CLANG_WARN__DUPLICATE_METHOD_MATCH = YES;
				COPY_PHASE_STRIP = NO;
				DEBUG_INFORMATION_FORMAT = dwarf;
				ENABLE_STRICT_OBJC_MSGSEND = YES;
				ENABLE_TESTABILITY = YES;
				GCC_C_LANGUAGE_STANDARD = gnu11;
				GCC_DYNAMIC_NO_PIC = NO;
				GCC_NO_COMMON_BLOCKS = YES;
				GCC_OPTIMIZATION_LEVEL = 0;
				GCC_PREPROCESSOR_DEFINITIONS = (
					"DEBUG=1",
					"$(inherited)",
				);
				GCC_WARN_64_TO_32_BIT_CONVERSION = YES;
				GCC_WARN_ABOUT_RETURN_TYPE = YES_ERROR;
				GCC_WARN_UNDECLARED_SELECTOR = YES;
				GCC_WARN_UNINITIALIZED_AUTOS = YES_AGGRESSIVE;
				GCC_WARN_UNUSED_FUNCTION = YES;
				GCC_WARN_UNUSED_VARIABLE = YES;
				IPHONEOS_DEPLOYMENT_TARGET = 13.2;
				MTL_ENABLE_DEBUG_INFO = INCLUDE_SOURCE;
				MTL_FAST_MATH = YES;
				ONLY_ACTIVE_ARCH = YES;
				SDKROOT = iphoneos;
				SWIFT_ACTIVE_COMPILATION_CONDITIONS = DEBUG;
				SWIFT_OPTIMIZATION_LEVEL = "-Onone";
			};
			name = Debug;
		};
		593D6044253C7736005D32BA /* Release */ = {
			isa = XCBuildConfiguration;
			buildSettings = {
				ALWAYS_SEARCH_USER_PATHS = NO;
				CLANG_ANALYZER_NONNULL = YES;
				CLANG_ANALYZER_NUMBER_OBJECT_CONVERSION = YES_AGGRESSIVE;
				CLANG_CXX_LANGUAGE_STANDARD = "gnu++14";
				CLANG_CXX_LIBRARY = "libc++";
				CLANG_ENABLE_MODULES = YES;
				CLANG_ENABLE_OBJC_ARC = YES;
				CLANG_ENABLE_OBJC_WEAK = YES;
				CLANG_WARN_BLOCK_CAPTURE_AUTORELEASING = YES;
				CLANG_WARN_BOOL_CONVERSION = YES;
				CLANG_WARN_COMMA = YES;
				CLANG_WARN_CONSTANT_CONVERSION = YES;
				CLANG_WARN_DEPRECATED_OBJC_IMPLEMENTATIONS = YES;
				CLANG_WARN_DIRECT_OBJC_ISA_USAGE = YES_ERROR;
				CLANG_WARN_DOCUMENTATION_COMMENTS = YES;
				CLANG_WARN_EMPTY_BODY = YES;
				CLANG_WARN_ENUM_CONVERSION = YES;
				CLANG_WARN_INFINITE_RECURSION = YES;
				CLANG_WARN_INT_CONVERSION = YES;
				CLANG_WARN_NON_LITERAL_NULL_CONVERSION = YES;
				CLANG_WARN_OBJC_IMPLICIT_RETAIN_SELF = YES;
				CLANG_WARN_OBJC_LITERAL_CONVERSION = YES;
				CLANG_WARN_OBJC_ROOT_CLASS = YES_ERROR;
				CLANG_WARN_RANGE_LOOP_ANALYSIS = YES;
				CLANG_WARN_STRICT_PROTOTYPES = YES;
				CLANG_WARN_SUSPICIOUS_MOVE = YES;
				CLANG_WARN_UNGUARDED_AVAILABILITY = YES_AGGRESSIVE;
				CLANG_WARN_UNREACHABLE_CODE = YES;
				CLANG_WARN__DUPLICATE_METHOD_MATCH = YES;
				COPY_PHASE_STRIP = NO;
				DEBUG_INFORMATION_FORMAT = "dwarf-with-dsym";
				ENABLE_NS_ASSERTIONS = NO;
				ENABLE_STRICT_OBJC_MSGSEND = YES;
				GCC_C_LANGUAGE_STANDARD = gnu11;
				GCC_NO_COMMON_BLOCKS = YES;
				GCC_WARN_64_TO_32_BIT_CONVERSION = YES;
				GCC_WARN_ABOUT_RETURN_TYPE = YES_ERROR;
				GCC_WARN_UNDECLARED_SELECTOR = YES;
				GCC_WARN_UNINITIALIZED_AUTOS = YES_AGGRESSIVE;
				GCC_WARN_UNUSED_FUNCTION = YES;
				GCC_WARN_UNUSED_VARIABLE = YES;
				IPHONEOS_DEPLOYMENT_TARGET = 13.2;
				MTL_ENABLE_DEBUG_INFO = NO;
				MTL_FAST_MATH = YES;
				SDKROOT = iphoneos;
				SWIFT_COMPILATION_MODE = wholemodule;
				SWIFT_OPTIMIZATION_LEVEL = "-O";
				VALIDATE_PRODUCT = YES;
			};
			name = Release;
		};
		593D6046253C7736005D32BA /* Debug */ = {
			isa = XCBuildConfiguration;
			baseConfigurationReference = 8811FDDEC23868A19F8940D9 /* Pods-MVVMRxSwiftDemo.debug.xcconfig */;
			buildSettings = {
				ASSETCATALOG_COMPILER_APPICON_NAME = AppIcon;
				CODE_SIGN_STYLE = Automatic;
				INFOPLIST_FILE = MVVMRxSwiftDemo/Info.plist;
				LD_RUNPATH_SEARCH_PATHS = (
					"$(inherited)",
					"@executable_path/Frameworks",
				);
				PRODUCT_BUNDLE_IDENTIFIER = com.subroto.mvvm.rxswift.MVVMRxSwiftDemo;
				PRODUCT_NAME = "$(TARGET_NAME)";
				SWIFT_VERSION = 5.0;
				TARGETED_DEVICE_FAMILY = "1,2";
			};
			name = Debug;
		};
		593D6047253C7736005D32BA /* Release */ = {
			isa = XCBuildConfiguration;
			baseConfigurationReference = 7947F6288A4F65C2E0815289 /* Pods-MVVMRxSwiftDemo.release.xcconfig */;
			buildSettings = {
				ASSETCATALOG_COMPILER_APPICON_NAME = AppIcon;
				CODE_SIGN_STYLE = Automatic;
				INFOPLIST_FILE = MVVMRxSwiftDemo/Info.plist;
				LD_RUNPATH_SEARCH_PATHS = (
					"$(inherited)",
					"@executable_path/Frameworks",
				);
				PRODUCT_BUNDLE_IDENTIFIER = com.subroto.mvvm.rxswift.MVVMRxSwiftDemo;
				PRODUCT_NAME = "$(TARGET_NAME)";
				SWIFT_VERSION = 5.0;
				TARGETED_DEVICE_FAMILY = "1,2";
			};
			name = Release;
		};
/* End XCBuildConfiguration section */

/* Begin XCConfigurationList section */
		593D602C253C7734005D32BA /* Build configuration list for PBXProject "MVVMRxSwiftDemo" */ = {
			isa = XCConfigurationList;
			buildConfigurations = (
				593D6043253C7736005D32BA /* Debug */,
				593D6044253C7736005D32BA /* Release */,
			);
			defaultConfigurationIsVisible = 0;
			defaultConfigurationName = Release;
		};
		593D6045253C7736005D32BA /* Build configuration list for PBXNativeTarget "MVVMRxSwiftDemo" */ = {
			isa = XCConfigurationList;
			buildConfigurations = (
				593D6046253C7736005D32BA /* Debug */,
				593D6047253C7736005D32BA /* Release */,
			);
			defaultConfigurationIsVisible = 0;
			defaultConfigurationName = Release;
		};
/* End XCConfigurationList section */
	};
	rootObject = 593D6029253C7734005D32BA /* Project object */;
}
